// !$*UTF8*$!
{
	archiveVersion = 1;
	classes = {
	};
	objectVersion = 50;
	objects = {

/* Begin PBXBuildFile section */
		1A61E95626A00B80007AF003 /* AppDelegate.swift in Sources */ = {isa = PBXBuildFile; fileRef = 1A61E95526A00B80007AF003 /* AppDelegate.swift */; };
		1A61E95A26A00B80007AF003 /* RecepiesListViewController.swift in Sources */ = {isa = PBXBuildFile; fileRef = 1A61E95926A00B80007AF003 /* RecepiesListViewController.swift */; };
		1A61E95D26A00B80007AF003 /* RecepiesListViewController.storyboard in Resources */ = {isa = PBXBuildFile; fileRef = 1A61E95B26A00B80007AF003 /* RecepiesListViewController.storyboard */; };
		1A61E96026A00B80007AF003 /* CoreDataStorage.xcdatamodeld in Sources */ = {isa = PBXBuildFile; fileRef = 1A61E95E26A00B80007AF003 /* CoreDataStorage.xcdatamodeld */; };
		1A61E96226A00B82007AF003 /* Assets.xcassets in Resources */ = {isa = PBXBuildFile; fileRef = 1A61E96126A00B82007AF003 /* Assets.xcassets */; };
		1A61E96526A00B82007AF003 /* LaunchScreen.storyboard in Resources */ = {isa = PBXBuildFile; fileRef = 1A61E96326A00B82007AF003 /* LaunchScreen.storyboard */; };
		1A61E97826A01F0B007AF003 /* RecepiesListViewModel.swift in Sources */ = {isa = PBXBuildFile; fileRef = 1A61E97726A01F0B007AF003 /* RecepiesListViewModel.swift */; };
		1A61E97B26A01F9B007AF003 /* RecepiesListTableViewController.swift in Sources */ = {isa = PBXBuildFile; fileRef = 1A61E97A26A01F9B007AF003 /* RecepiesListTableViewController.swift */; };
		1A61E98126A02E23007AF003 /* StoryboardInstantiable.swift in Sources */ = {isa = PBXBuildFile; fileRef = 1A61E98026A02E23007AF003 /* StoryboardInstantiable.swift */; };
		1A61E98426A0309A007AF003 /* RecipesSceneDIContainer.swift in Sources */ = {isa = PBXBuildFile; fileRef = 1A61E98326A0309A007AF003 /* RecipesSceneDIContainer.swift */; };
		1A61E98726A03414007AF003 /* SearchRecepiesUseCase.swift in Sources */ = {isa = PBXBuildFile; fileRef = 1A61E98626A03414007AF003 /* SearchRecepiesUseCase.swift */; };
		1A61E98D26A038C9007AF003 /* RecepiesRepository.swift in Sources */ = {isa = PBXBuildFile; fileRef = 1A61E98C26A038C9007AF003 /* RecepiesRepository.swift */; };
		1A61E98F26A039AE007AF003 /* RecipeQuery.swift in Sources */ = {isa = PBXBuildFile; fileRef = 1A61E98E26A039AE007AF003 /* RecipeQuery.swift */; };
		1A61E99326A03AB7007AF003 /* Cancellable.swift in Sources */ = {isa = PBXBuildFile; fileRef = 1A61E99226A03AB7007AF003 /* Cancellable.swift */; };
		1A61E99626A03B36007AF003 /* RecepiesQueriesRepository.swift in Sources */ = {isa = PBXBuildFile; fileRef = 1A61E99526A03B36007AF003 /* RecepiesQueriesRepository.swift */; };
		1A61E99926A03FEF007AF003 /* DefaultRecepiesRepository.swift in Sources */ = {isa = PBXBuildFile; fileRef = 1A61E99826A03FEF007AF003 /* DefaultRecepiesRepository.swift */; };
		1A61E99C26A040B3007AF003 /* DataTransferService.swift in Sources */ = {isa = PBXBuildFile; fileRef = 1A61E99B26A040B3007AF003 /* DataTransferService.swift */; };
		1A61E99E26A04177007AF003 /* NetworkService.swift in Sources */ = {isa = PBXBuildFile; fileRef = 1A61E99D26A04177007AF003 /* NetworkService.swift */; };
		1A61E9A226A04894007AF003 /* RecipesResponseStorage.swift in Sources */ = {isa = PBXBuildFile; fileRef = 1A61E9A126A04894007AF003 /* RecipesResponseStorage.swift */; };
		1A61E9A526A04907007AF003 /* RecepiesQueriesStorage.swift in Sources */ = {isa = PBXBuildFile; fileRef = 1A61E9A426A04907007AF003 /* RecepiesQueriesStorage.swift */; };
		1A61E9A826A04B06007AF003 /* RepositoryTask.swift in Sources */ = {isa = PBXBuildFile; fileRef = 1A61E9A726A04B06007AF003 /* RepositoryTask.swift */; };
		1A61E9AC26A04F23007AF003 /* Endpoint.swift in Sources */ = {isa = PBXBuildFile; fileRef = 1A61E9AB26A04F23007AF003 /* Endpoint.swift */; };
		1A61E9B026A050A8007AF003 /* RecepiesRequestDTO+Mapping.swift in Sources */ = {isa = PBXBuildFile; fileRef = 1A61E9AF26A050A8007AF003 /* RecepiesRequestDTO+Mapping.swift */; };
		1A61E9B226A051FF007AF003 /* RecepiesResponseDTO + Mapping.swift in Sources */ = {isa = PBXBuildFile; fileRef = 1A61E9B126A051FF007AF003 /* RecepiesResponseDTO + Mapping.swift */; };
		1A61E9B426A056E0007AF003 /* NetworkConfig.swift in Sources */ = {isa = PBXBuildFile; fileRef = 1A61E9B326A056E0007AF003 /* NetworkConfig.swift */; };
		1A61E9B626A057E1007AF003 /* DefaultRecepiesQueriesRepository.swift in Sources */ = {isa = PBXBuildFile; fileRef = 1A61E9B526A057E1007AF003 /* DefaultRecepiesQueriesRepository.swift */; };
		1A61E9B826A05DD1007AF003 /* CoreDataRecepiesQueriesStorage.swift in Sources */ = {isa = PBXBuildFile; fileRef = 1A61E9B726A05DD1007AF003 /* CoreDataRecepiesQueriesStorage.swift */; };
		1A61E9BB26A05F5F007AF003 /* CoreDataStorage.swift in Sources */ = {isa = PBXBuildFile; fileRef = 1A61E9BA26A05F5F007AF003 /* CoreDataStorage.swift */; };
		1A61E9BE26A061FD007AF003 /* ReceptQueryEntity.swift in Sources */ = {isa = PBXBuildFile; fileRef = 1A61E9BD26A061FD007AF003 /* ReceptQueryEntity.swift */; };
		1A61E9C026A0681C007AF003 /* CoreDataRecepiesResponseStorage.swift in Sources */ = {isa = PBXBuildFile; fileRef = 1A61E9BF26A0681C007AF003 /* CoreDataRecepiesResponseStorage.swift */; };
		1A61E9C226A06B23007AF003 /* APIEndpoints.swift in Sources */ = {isa = PBXBuildFile; fileRef = 1A61E9C126A06B23007AF003 /* APIEndpoints.swift */; };
		1A61E9C526A07041007AF003 /* RecepiesResponseEntity+Mapping.swift in Sources */ = {isa = PBXBuildFile; fileRef = 1A61E9C426A07041007AF003 /* RecepiesResponseEntity+Mapping.swift */; };
		1A61E9C926A1BBD3007AF003 /* AppDIContainer.swift in Sources */ = {isa = PBXBuildFile; fileRef = 1A61E9C826A1BBD3007AF003 /* AppDIContainer.swift */; };
		1A61E9CB26A1BC0E007AF003 /* AppConfigurations.swift in Sources */ = {isa = PBXBuildFile; fileRef = 1A61E9CA26A1BC0E007AF003 /* AppConfigurations.swift */; };
		1A61E9CD26A1BD93007AF003 /* AppAppearance.swift in Sources */ = {isa = PBXBuildFile; fileRef = 1A61E9CC26A1BD92007AF003 /* AppAppearance.swift */; };
		1A61E9CF26A1BE3B007AF003 /* AppFlowCoordinator.swift in Sources */ = {isa = PBXBuildFile; fileRef = 1A61E9CE26A1BE3B007AF003 /* AppFlowCoordinator.swift */; };
		1A61E9D226A1BF3C007AF003 /* RecipesSearchFlowCoordinator.swift in Sources */ = {isa = PBXBuildFile; fileRef = 1A61E9D126A1BF3C007AF003 /* RecipesSearchFlowCoordinator.swift */; };
		1A61E9D526A564DC007AF003 /* UIViewController+AddBehaviors.swift in Sources */ = {isa = PBXBuildFile; fileRef = 1A61E9D426A564DC007AF003 /* UIViewController+AddBehaviors.swift */; };
		1A61E9D826A5687D007AF003 /* BackButtonEmptyTitleNavigationBarBehavior.swift in Sources */ = {isa = PBXBuildFile; fileRef = 1A61E9D726A5687D007AF003 /* BackButtonEmptyTitleNavigationBarBehavior.swift */; };
		1A61E9DB26A568DC007AF003 /* BlackStyleNavigationBarBehavior.swift in Sources */ = {isa = PBXBuildFile; fileRef = 1A61E9DA26A568DC007AF003 /* BlackStyleNavigationBarBehavior.swift */; };
		1A61E9DD26A56A48007AF003 /* RecepiesListItemViewModel.swift in Sources */ = {isa = PBXBuildFile; fileRef = 1A61E9DC26A56A48007AF003 /* RecepiesListItemViewModel.swift */; };
		1A61E9DF26A56A86007AF003 /* Observable.swift in Sources */ = {isa = PBXBuildFile; fileRef = 1A61E9DE26A56A86007AF003 /* Observable.swift */; };
		1A61E9E226A56F3B007AF003 /* RecepiesListItemCell.swift in Sources */ = {isa = PBXBuildFile; fileRef = 1A61E9E126A56F3B007AF003 /* RecepiesListItemCell.swift */; };
		1A61E9E426A57761007AF003 /* LoadingView.swift in Sources */ = {isa = PBXBuildFile; fileRef = 1A61E9E326A57761007AF003 /* LoadingView.swift */; };
		1A61E9E626A579EA007AF003 /* Alertable.swift in Sources */ = {isa = PBXBuildFile; fileRef = 1A61E9E526A579EA007AF003 /* Alertable.swift */; };
		1A684B8826B88D6400CEFA28 /* RecipesListWithFavouritesUseCase.swift in Sources */ = {isa = PBXBuildFile; fileRef = 1A684B8726B88D6400CEFA28 /* RecipesListWithFavouritesUseCase.swift */; };
		1A684B8E26B9141900CEFA28 /* FavouriteRecipesEntity.swift in Sources */ = {isa = PBXBuildFile; fileRef = 1A684B8D26B9141900CEFA28 /* FavouriteRecipesEntity.swift */; };
		1A684B9026B917ED00CEFA28 /* FavouriteRecipesStorage.swift in Sources */ = {isa = PBXBuildFile; fileRef = 1A684B8F26B917ED00CEFA28 /* FavouriteRecipesStorage.swift */; };
		1A684B9226B91D6F00CEFA28 /* FavouriteRecipesDTO+Mapping.swift in Sources */ = {isa = PBXBuildFile; fileRef = 1A684B9126B91D6F00CEFA28 /* FavouriteRecipesDTO+Mapping.swift */; };
		1A684B9426B91E4200CEFA28 /* CoreDataFavouriteRecipesStorage.swift in Sources */ = {isa = PBXBuildFile; fileRef = 1A684B9326B91E4200CEFA28 /* CoreDataFavouriteRecipesStorage.swift */; };
		1A684B9626B97D2E00CEFA28 /* FavouriteRecept.swift in Sources */ = {isa = PBXBuildFile; fileRef = 1A684B9526B97D2E00CEFA28 /* FavouriteRecept.swift */; };
		1A684B9B26BAA10500CEFA28 /* FavouriteRecipesTableViewController.swift in Sources */ = {isa = PBXBuildFile; fileRef = 1A684B9A26BAA10500CEFA28 /* FavouriteRecipesTableViewController.swift */; };
		1A684B9D26BAA10D00CEFA28 /* FavouriteRecipesTableViewController.storyboard in Resources */ = {isa = PBXBuildFile; fileRef = 1A684B9C26BAA10D00CEFA28 /* FavouriteRecipesTableViewController.storyboard */; };
		1A684BA026BAA12D00CEFA28 /* FavouriteRecipesTableViewCell.swift in Sources */ = {isa = PBXBuildFile; fileRef = 1A684B9F26BAA12D00CEFA28 /* FavouriteRecipesTableViewCell.swift */; };
		1A684BA226BAA17800CEFA28 /* FavouriteRecipesViewModel.swift in Sources */ = {isa = PBXBuildFile; fileRef = 1A684BA126BAA17800CEFA28 /* FavouriteRecipesViewModel.swift */; };
		1A684BA426BAB28B00CEFA28 /* FavouriteRecipesListFlowCoordinator.swift in Sources */ = {isa = PBXBuildFile; fileRef = 1A684BA326BAB28B00CEFA28 /* FavouriteRecipesListFlowCoordinator.swift */; };
		1A684BA726BAC55B00CEFA28 /* RecipesListTableManager.swift in Sources */ = {isa = PBXBuildFile; fileRef = 1A684BA626BAC55B00CEFA28 /* RecipesListTableManager.swift */; };
		1A684BAA26BBF88B00CEFA28 /* GetAllLikesInteractor.swift in Sources */ = {isa = PBXBuildFile; fileRef = 1A684BA926BBF88B00CEFA28 /* GetAllLikesInteractor.swift */; };
		1A684BAE26BC028F00CEFA28 /* FavouriteRecipesListUseCase.swift in Sources */ = {isa = PBXBuildFile; fileRef = 1A684BAD26BC028F00CEFA28 /* FavouriteRecipesListUseCase.swift */; };
		1A684BB026BC20B100CEFA28 /* FavouriteRecipesQuery.swift in Sources */ = {isa = PBXBuildFile; fileRef = 1A684BAF26BC20B100CEFA28 /* FavouriteRecipesQuery.swift */; };
		1A684BB226BC22F600CEFA28 /* FavouriteRecipesRequestDTO.swift in Sources */ = {isa = PBXBuildFile; fileRef = 1A684BB126BC22F600CEFA28 /* FavouriteRecipesRequestDTO.swift */; };
		1A684BB426BC23C000CEFA28 /* FavouriteRecipesResponseDTO+Mapping.swift in Sources */ = {isa = PBXBuildFile; fileRef = 1A684BB326BC23C000CEFA28 /* FavouriteRecipesResponseDTO+Mapping.swift */; };
		1A684BB626BD610400CEFA28 /* SetLikeInteractor.swift in Sources */ = {isa = PBXBuildFile; fileRef = 1A684BB526BD610400CEFA28 /* SetLikeInteractor.swift */; };
		1A9F6D1326C6750D0000B708 /* RecipeImageSizes.swift in Sources */ = {isa = PBXBuildFile; fileRef = 1A9F6D1226C6750D0000B708 /* RecipeImageSizes.swift */; };
		1AA694B126CBBFBB00E949CC /* DishTypesRecipeDetailsCellViewModel.swift in Sources */ = {isa = PBXBuildFile; fileRef = 1AA694A526CBBFBB00E949CC /* DishTypesRecipeDetailsCellViewModel.swift */; };
		1AA694B226CBBFBB00E949CC /* ExtendedIngredientsRecipeDetailsCellViewModel.swift in Sources */ = {isa = PBXBuildFile; fileRef = 1AA694A626CBBFBB00E949CC /* ExtendedIngredientsRecipeDetailsCellViewModel.swift */; };
		1AA694B326CBBFBB00E949CC /* RecipeDetailsCellViewModelProtocol.swift in Sources */ = {isa = PBXBuildFile; fileRef = 1AA694A726CBBFBB00E949CC /* RecipeDetailsCellViewModelProtocol.swift */; };
		1AA694B426CBBFBB00E949CC /* HeaderRecipeDeatilsCellViewModel.swift in Sources */ = {isa = PBXBuildFile; fileRef = 1AA694A826CBBFBB00E949CC /* HeaderRecipeDeatilsCellViewModel.swift */; };
		1AA694B526CBBFBB00E949CC /* RecipeDetailsViewModel.swift in Sources */ = {isa = PBXBuildFile; fileRef = 1AA694A926CBBFBB00E949CC /* RecipeDetailsViewModel.swift */; };
		1AA694B626CBBFBB00E949CC /* RecipeDetailsViewController.storyboard in Resources */ = {isa = PBXBuildFile; fileRef = 1AA694AB26CBBFBB00E949CC /* RecipeDetailsViewController.storyboard */; };
		1AA694B726CBBFBB00E949CC /* RecipeDetailsTypesCollectionViewCell.swift in Sources */ = {isa = PBXBuildFile; fileRef = 1AA694AD26CBBFBB00E949CC /* RecipeDetailsTypesCollectionViewCell.swift */; };
		1AA694B826CBBFBB00E949CC /* RecipeDetailsIngredientsViewCell.swift in Sources */ = {isa = PBXBuildFile; fileRef = 1AA694AE26CBBFBB00E949CC /* RecipeDetailsIngredientsViewCell.swift */; };
		1AA694B926CBBFBB00E949CC /* RecipeDetailsHeaderViewCell.swift in Sources */ = {isa = PBXBuildFile; fileRef = 1AA694AF26CBBFBB00E949CC /* RecipeDetailsHeaderViewCell.swift */; };
		1AA694BA26CBBFBB00E949CC /* RecipeDetailsViewController.swift in Sources */ = {isa = PBXBuildFile; fileRef = 1AA694B026CBBFBB00E949CC /* RecipeDetailsViewController.swift */; };
		1AB8B37626A9987E000A0115 /* RecipeDetailsRequestDTO+Mapping.swift in Sources */ = {isa = PBXBuildFile; fileRef = 1AB8B37526A9987E000A0115 /* RecipeDetailsRequestDTO+Mapping.swift */; };
		1AB8B37826A99893000A0115 /* RecipeDetailsResponseDTO+Mapping.swift in Sources */ = {isa = PBXBuildFile; fileRef = 1AB8B37726A99893000A0115 /* RecipeDetailsResponseDTO+Mapping.swift */; };
		1AB8B38026AAC6B3000A0115 /* DetailRecipeQuery.swift in Sources */ = {isa = PBXBuildFile; fileRef = 1AB8B37F26AAC6B3000A0115 /* DetailRecipeQuery.swift */; };
		1AB8B38226AAC9E2000A0115 /* DetailRecipe.swift in Sources */ = {isa = PBXBuildFile; fileRef = 1AB8B38126AAC9E2000A0115 /* DetailRecipe.swift */; };
		1AB8B38626AAD7EA000A0115 /* RecipeDetailResponseEntity+Mapping.swift in Sources */ = {isa = PBXBuildFile; fileRef = 1AB8B38526AAD7EA000A0115 /* RecipeDetailResponseEntity+Mapping.swift */; };
		1ABD0EEE26C168B300FE01D9 /* removeLikeInteractor.swift in Sources */ = {isa = PBXBuildFile; fileRef = 1ABD0EED26C168B300FE01D9 /* removeLikeInteractor.swift */; };
		1ABD0EF426C3E38F00FE01D9 /* FavouriteRecipesListView.swift in Sources */ = {isa = PBXBuildFile; fileRef = 1ABD0EF326C3E38F00FE01D9 /* FavouriteRecipesListView.swift */; };
		1ACEA57B26A58C7400D6C35E /* DataTransferError+ConnectionError.swift in Sources */ = {isa = PBXBuildFile; fileRef = 1ACEA57A26A58C7400D6C35E /* DataTransferError+ConnectionError.swift */; };
		1ACEA57D26A58C9700D6C35E /* ConnectionError.swift in Sources */ = {isa = PBXBuildFile; fileRef = 1ACEA57C26A58C9700D6C35E /* ConnectionError.swift */; };
		1ACEA57F26A5A18600D6C35E /* UIViewController+ActivityIndicator.swift in Sources */ = {isa = PBXBuildFile; fileRef = 1ACEA57E26A5A18600D6C35E /* UIViewController+ActivityIndicator.swift */; };
		1ACEA58526A6FDAC00D6C35E /* Recipe.swift in Sources */ = {isa = PBXBuildFile; fileRef = 1ACEA58426A6FDAC00D6C35E /* Recipe.swift */; };
		1ACEA58726A8298800D6C35E /* UIImageView+ImageSizeAfterAspectFit.swift in Sources */ = {isa = PBXBuildFile; fileRef = 1ACEA58626A8298800D6C35E /* UIImageView+ImageSizeAfterAspectFit.swift */; };
		1ACEA58926A829D200D6C35E /* CGSize+ScaledSize.swift in Sources */ = {isa = PBXBuildFile; fileRef = 1ACEA58826A829D200D6C35E /* CGSize+ScaledSize.swift */; };
		1ACEA58B26A8344300D6C35E /* dishImagesPepository.swift in Sources */ = {isa = PBXBuildFile; fileRef = 1ACEA58A26A8344300D6C35E /* dishImagesPepository.swift */; };
		1ACEA58D26A8348200D6C35E /* DefaultDishImagesRepository.swift in Sources */ = {isa = PBXBuildFile; fileRef = 1ACEA58C26A8348200D6C35E /* DefaultDishImagesRepository.swift */; };
		1AE2373126B3F89200956EB7 /* MainTabBarController.storyboard in Resources */ = {isa = PBXBuildFile; fileRef = 1AE2373026B3F89200956EB7 /* MainTabBarController.storyboard */; };
		1AE2373326B3F8B000956EB7 /* MainTabBarController.swift in Sources */ = {isa = PBXBuildFile; fileRef = 1AE2373226B3F8B000956EB7 /* MainTabBarController.swift */; };
		1AE2373526B3F8C800956EB7 /* MainTabBarViewModel.swift in Sources */ = {isa = PBXBuildFile; fileRef = 1AE2373426B3F8C800956EB7 /* MainTabBarViewModel.swift */; };
		1AE2373726B4006700956EB7 /* MainTabBarFlowCoorfinator.swift in Sources */ = {isa = PBXBuildFile; fileRef = 1AE2373626B4006700956EB7 /* MainTabBarFlowCoorfinator.swift */; };
/* End PBXBuildFile section */

/* Begin PBXFileReference section */
		1A61E95226A00B80007AF003 /* RecipesList.app */ = {isa = PBXFileReference; explicitFileType = wrapper.application; includeInIndex = 0; path = RecipesList.app; sourceTree = BUILT_PRODUCTS_DIR; };
		1A61E95526A00B80007AF003 /* AppDelegate.swift */ = {isa = PBXFileReference; lastKnownFileType = sourcecode.swift; path = AppDelegate.swift; sourceTree = "<group>"; };
		1A61E95926A00B80007AF003 /* RecepiesListViewController.swift */ = {isa = PBXFileReference; lastKnownFileType = sourcecode.swift; path = RecepiesListViewController.swift; sourceTree = "<group>"; };
		1A61E95C26A00B80007AF003 /* Base */ = {isa = PBXFileReference; lastKnownFileType = file.storyboard; name = Base; path = Base.lproj/RecepiesListViewController.storyboard; sourceTree = "<group>"; };
		1A61E95F26A00B80007AF003 /* RecipesList.xcdatamodel */ = {isa = PBXFileReference; lastKnownFileType = wrapper.xcdatamodel; path = RecipesList.xcdatamodel; sourceTree = "<group>"; };
		1A61E96126A00B82007AF003 /* Assets.xcassets */ = {isa = PBXFileReference; lastKnownFileType = folder.assetcatalog; path = Assets.xcassets; sourceTree = "<group>"; };
		1A61E96426A00B82007AF003 /* Base */ = {isa = PBXFileReference; lastKnownFileType = file.storyboard; name = Base; path = Base.lproj/LaunchScreen.storyboard; sourceTree = "<group>"; };
		1A61E96626A00B82007AF003 /* Info.plist */ = {isa = PBXFileReference; lastKnownFileType = text.plist.xml; path = Info.plist; sourceTree = "<group>"; };
		1A61E97726A01F0B007AF003 /* RecepiesListViewModel.swift */ = {isa = PBXFileReference; lastKnownFileType = sourcecode.swift; path = RecepiesListViewModel.swift; sourceTree = "<group>"; };
		1A61E97A26A01F9B007AF003 /* RecepiesListTableViewController.swift */ = {isa = PBXFileReference; lastKnownFileType = sourcecode.swift; path = RecepiesListTableViewController.swift; sourceTree = "<group>"; };
		1A61E98026A02E23007AF003 /* StoryboardInstantiable.swift */ = {isa = PBXFileReference; lastKnownFileType = sourcecode.swift; path = StoryboardInstantiable.swift; sourceTree = "<group>"; };
		1A61E98326A0309A007AF003 /* RecipesSceneDIContainer.swift */ = {isa = PBXFileReference; lastKnownFileType = sourcecode.swift; path = RecipesSceneDIContainer.swift; sourceTree = "<group>"; };
		1A61E98626A03414007AF003 /* SearchRecepiesUseCase.swift */ = {isa = PBXFileReference; lastKnownFileType = sourcecode.swift; path = SearchRecepiesUseCase.swift; sourceTree = "<group>"; };
		1A61E98C26A038C9007AF003 /* RecepiesRepository.swift */ = {isa = PBXFileReference; lastKnownFileType = sourcecode.swift; path = RecepiesRepository.swift; sourceTree = "<group>"; };
		1A61E98E26A039AE007AF003 /* RecipeQuery.swift */ = {isa = PBXFileReference; lastKnownFileType = sourcecode.swift; path = RecipeQuery.swift; sourceTree = "<group>"; };
		1A61E99226A03AB7007AF003 /* Cancellable.swift */ = {isa = PBXFileReference; lastKnownFileType = sourcecode.swift; path = Cancellable.swift; sourceTree = "<group>"; };
		1A61E99526A03B36007AF003 /* RecepiesQueriesRepository.swift */ = {isa = PBXFileReference; lastKnownFileType = sourcecode.swift; path = RecepiesQueriesRepository.swift; sourceTree = "<group>"; };
		1A61E99826A03FEF007AF003 /* DefaultRecepiesRepository.swift */ = {isa = PBXFileReference; lastKnownFileType = sourcecode.swift; path = DefaultRecepiesRepository.swift; sourceTree = "<group>"; };
		1A61E99B26A040B3007AF003 /* DataTransferService.swift */ = {isa = PBXFileReference; lastKnownFileType = sourcecode.swift; path = DataTransferService.swift; sourceTree = "<group>"; };
		1A61E99D26A04177007AF003 /* NetworkService.swift */ = {isa = PBXFileReference; lastKnownFileType = sourcecode.swift; path = NetworkService.swift; sourceTree = "<group>"; };
		1A61E9A126A04894007AF003 /* RecipesResponseStorage.swift */ = {isa = PBXFileReference; lastKnownFileType = sourcecode.swift; path = RecipesResponseStorage.swift; sourceTree = "<group>"; };
		1A61E9A426A04907007AF003 /* RecepiesQueriesStorage.swift */ = {isa = PBXFileReference; lastKnownFileType = sourcecode.swift; path = RecepiesQueriesStorage.swift; sourceTree = "<group>"; };
		1A61E9A726A04B06007AF003 /* RepositoryTask.swift */ = {isa = PBXFileReference; lastKnownFileType = sourcecode.swift; path = RepositoryTask.swift; sourceTree = "<group>"; };
		1A61E9AB26A04F23007AF003 /* Endpoint.swift */ = {isa = PBXFileReference; fileEncoding = 4; lastKnownFileType = sourcecode.swift; path = Endpoint.swift; sourceTree = "<group>"; };
		1A61E9AF26A050A8007AF003 /* RecepiesRequestDTO+Mapping.swift */ = {isa = PBXFileReference; lastKnownFileType = sourcecode.swift; path = "RecepiesRequestDTO+Mapping.swift"; sourceTree = "<group>"; };
		1A61E9B126A051FF007AF003 /* RecepiesResponseDTO + Mapping.swift */ = {isa = PBXFileReference; lastKnownFileType = sourcecode.swift; path = "RecepiesResponseDTO + Mapping.swift"; sourceTree = "<group>"; };
		1A61E9B326A056E0007AF003 /* NetworkConfig.swift */ = {isa = PBXFileReference; fileEncoding = 4; lastKnownFileType = sourcecode.swift; path = NetworkConfig.swift; sourceTree = "<group>"; };
		1A61E9B526A057E1007AF003 /* DefaultRecepiesQueriesRepository.swift */ = {isa = PBXFileReference; lastKnownFileType = sourcecode.swift; path = DefaultRecepiesQueriesRepository.swift; sourceTree = "<group>"; };
		1A61E9B726A05DD1007AF003 /* CoreDataRecepiesQueriesStorage.swift */ = {isa = PBXFileReference; lastKnownFileType = sourcecode.swift; path = CoreDataRecepiesQueriesStorage.swift; sourceTree = "<group>"; };
		1A61E9BA26A05F5F007AF003 /* CoreDataStorage.swift */ = {isa = PBXFileReference; lastKnownFileType = sourcecode.swift; path = CoreDataStorage.swift; sourceTree = "<group>"; };
		1A61E9BD26A061FD007AF003 /* ReceptQueryEntity.swift */ = {isa = PBXFileReference; lastKnownFileType = sourcecode.swift; path = ReceptQueryEntity.swift; sourceTree = "<group>"; };
		1A61E9BF26A0681C007AF003 /* CoreDataRecepiesResponseStorage.swift */ = {isa = PBXFileReference; lastKnownFileType = sourcecode.swift; path = CoreDataRecepiesResponseStorage.swift; sourceTree = "<group>"; };
		1A61E9C126A06B23007AF003 /* APIEndpoints.swift */ = {isa = PBXFileReference; lastKnownFileType = sourcecode.swift; path = APIEndpoints.swift; sourceTree = "<group>"; };
		1A61E9C426A07041007AF003 /* RecepiesResponseEntity+Mapping.swift */ = {isa = PBXFileReference; lastKnownFileType = sourcecode.swift; path = "RecepiesResponseEntity+Mapping.swift"; sourceTree = "<group>"; };
		1A61E9C826A1BBD3007AF003 /* AppDIContainer.swift */ = {isa = PBXFileReference; lastKnownFileType = sourcecode.swift; path = AppDIContainer.swift; sourceTree = "<group>"; };
		1A61E9CA26A1BC0E007AF003 /* AppConfigurations.swift */ = {isa = PBXFileReference; lastKnownFileType = sourcecode.swift; path = AppConfigurations.swift; sourceTree = "<group>"; };
		1A61E9CC26A1BD92007AF003 /* AppAppearance.swift */ = {isa = PBXFileReference; lastKnownFileType = sourcecode.swift; path = AppAppearance.swift; sourceTree = "<group>"; };
		1A61E9CE26A1BE3B007AF003 /* AppFlowCoordinator.swift */ = {isa = PBXFileReference; lastKnownFileType = sourcecode.swift; path = AppFlowCoordinator.swift; sourceTree = "<group>"; };
		1A61E9D126A1BF3C007AF003 /* RecipesSearchFlowCoordinator.swift */ = {isa = PBXFileReference; lastKnownFileType = sourcecode.swift; path = RecipesSearchFlowCoordinator.swift; sourceTree = "<group>"; };
		1A61E9D426A564DC007AF003 /* UIViewController+AddBehaviors.swift */ = {isa = PBXFileReference; lastKnownFileType = sourcecode.swift; path = "UIViewController+AddBehaviors.swift"; sourceTree = "<group>"; };
		1A61E9D726A5687D007AF003 /* BackButtonEmptyTitleNavigationBarBehavior.swift */ = {isa = PBXFileReference; lastKnownFileType = sourcecode.swift; path = BackButtonEmptyTitleNavigationBarBehavior.swift; sourceTree = "<group>"; };
		1A61E9DA26A568DC007AF003 /* BlackStyleNavigationBarBehavior.swift */ = {isa = PBXFileReference; lastKnownFileType = sourcecode.swift; path = BlackStyleNavigationBarBehavior.swift; sourceTree = "<group>"; };
		1A61E9DC26A56A48007AF003 /* RecepiesListItemViewModel.swift */ = {isa = PBXFileReference; lastKnownFileType = sourcecode.swift; path = RecepiesListItemViewModel.swift; sourceTree = "<group>"; };
		1A61E9DE26A56A86007AF003 /* Observable.swift */ = {isa = PBXFileReference; lastKnownFileType = sourcecode.swift; path = Observable.swift; sourceTree = "<group>"; };
		1A61E9E126A56F3B007AF003 /* RecepiesListItemCell.swift */ = {isa = PBXFileReference; lastKnownFileType = sourcecode.swift; path = RecepiesListItemCell.swift; sourceTree = "<group>"; };
		1A61E9E326A57761007AF003 /* LoadingView.swift */ = {isa = PBXFileReference; lastKnownFileType = sourcecode.swift; path = LoadingView.swift; sourceTree = "<group>"; };
		1A61E9E526A579EA007AF003 /* Alertable.swift */ = {isa = PBXFileReference; lastKnownFileType = sourcecode.swift; path = Alertable.swift; sourceTree = "<group>"; };
		1A684B8726B88D6400CEFA28 /* RecipesListWithFavouritesUseCase.swift */ = {isa = PBXFileReference; lastKnownFileType = sourcecode.swift; path = RecipesListWithFavouritesUseCase.swift; sourceTree = "<group>"; };
		1A684B8D26B9141900CEFA28 /* FavouriteRecipesEntity.swift */ = {isa = PBXFileReference; lastKnownFileType = sourcecode.swift; path = FavouriteRecipesEntity.swift; sourceTree = "<group>"; };
		1A684B8F26B917ED00CEFA28 /* FavouriteRecipesStorage.swift */ = {isa = PBXFileReference; lastKnownFileType = sourcecode.swift; path = FavouriteRecipesStorage.swift; sourceTree = "<group>"; };
		1A684B9126B91D6F00CEFA28 /* FavouriteRecipesDTO+Mapping.swift */ = {isa = PBXFileReference; lastKnownFileType = sourcecode.swift; path = "FavouriteRecipesDTO+Mapping.swift"; sourceTree = "<group>"; };
		1A684B9326B91E4200CEFA28 /* CoreDataFavouriteRecipesStorage.swift */ = {isa = PBXFileReference; lastKnownFileType = sourcecode.swift; path = CoreDataFavouriteRecipesStorage.swift; sourceTree = "<group>"; };
		1A684B9526B97D2E00CEFA28 /* FavouriteRecept.swift */ = {isa = PBXFileReference; lastKnownFileType = sourcecode.swift; path = FavouriteRecept.swift; sourceTree = "<group>"; };
		1A684B9A26BAA10500CEFA28 /* FavouriteRecipesTableViewController.swift */ = {isa = PBXFileReference; lastKnownFileType = sourcecode.swift; path = FavouriteRecipesTableViewController.swift; sourceTree = "<group>"; };
		1A684B9C26BAA10D00CEFA28 /* FavouriteRecipesTableViewController.storyboard */ = {isa = PBXFileReference; lastKnownFileType = file.storyboard; path = FavouriteRecipesTableViewController.storyboard; sourceTree = "<group>"; };
		1A684B9F26BAA12D00CEFA28 /* FavouriteRecipesTableViewCell.swift */ = {isa = PBXFileReference; lastKnownFileType = sourcecode.swift; path = FavouriteRecipesTableViewCell.swift; sourceTree = "<group>"; };
		1A684BA126BAA17800CEFA28 /* FavouriteRecipesViewModel.swift */ = {isa = PBXFileReference; lastKnownFileType = sourcecode.swift; path = FavouriteRecipesViewModel.swift; sourceTree = "<group>"; };
		1A684BA326BAB28B00CEFA28 /* FavouriteRecipesListFlowCoordinator.swift */ = {isa = PBXFileReference; lastKnownFileType = sourcecode.swift; path = FavouriteRecipesListFlowCoordinator.swift; sourceTree = "<group>"; };
		1A684BA626BAC55B00CEFA28 /* RecipesListTableManager.swift */ = {isa = PBXFileReference; lastKnownFileType = sourcecode.swift; path = RecipesListTableManager.swift; sourceTree = "<group>"; };
		1A684BA926BBF88B00CEFA28 /* GetAllLikesInteractor.swift */ = {isa = PBXFileReference; lastKnownFileType = sourcecode.swift; path = GetAllLikesInteractor.swift; sourceTree = "<group>"; };
		1A684BAD26BC028F00CEFA28 /* FavouriteRecipesListUseCase.swift */ = {isa = PBXFileReference; lastKnownFileType = sourcecode.swift; path = FavouriteRecipesListUseCase.swift; sourceTree = "<group>"; };
		1A684BAF26BC20B100CEFA28 /* FavouriteRecipesQuery.swift */ = {isa = PBXFileReference; lastKnownFileType = sourcecode.swift; path = FavouriteRecipesQuery.swift; sourceTree = "<group>"; };
		1A684BB126BC22F600CEFA28 /* FavouriteRecipesRequestDTO.swift */ = {isa = PBXFileReference; lastKnownFileType = sourcecode.swift; path = FavouriteRecipesRequestDTO.swift; sourceTree = "<group>"; };
		1A684BB326BC23C000CEFA28 /* FavouriteRecipesResponseDTO+Mapping.swift */ = {isa = PBXFileReference; lastKnownFileType = sourcecode.swift; path = "FavouriteRecipesResponseDTO+Mapping.swift"; sourceTree = "<group>"; };
		1A684BB526BD610400CEFA28 /* SetLikeInteractor.swift */ = {isa = PBXFileReference; lastKnownFileType = sourcecode.swift; path = SetLikeInteractor.swift; sourceTree = "<group>"; };
		1A9F6D1226C6750D0000B708 /* RecipeImageSizes.swift */ = {isa = PBXFileReference; lastKnownFileType = sourcecode.swift; path = RecipeImageSizes.swift; sourceTree = "<group>"; };
		1AA694A526CBBFBB00E949CC /* DishTypesRecipeDetailsCellViewModel.swift */ = {isa = PBXFileReference; fileEncoding = 4; lastKnownFileType = sourcecode.swift; path = DishTypesRecipeDetailsCellViewModel.swift; sourceTree = "<group>"; };
		1AA694A626CBBFBB00E949CC /* ExtendedIngredientsRecipeDetailsCellViewModel.swift */ = {isa = PBXFileReference; fileEncoding = 4; lastKnownFileType = sourcecode.swift; path = ExtendedIngredientsRecipeDetailsCellViewModel.swift; sourceTree = "<group>"; };
		1AA694A726CBBFBB00E949CC /* RecipeDetailsCellViewModelProtocol.swift */ = {isa = PBXFileReference; fileEncoding = 4; lastKnownFileType = sourcecode.swift; path = RecipeDetailsCellViewModelProtocol.swift; sourceTree = "<group>"; };
		1AA694A826CBBFBB00E949CC /* HeaderRecipeDeatilsCellViewModel.swift */ = {isa = PBXFileReference; fileEncoding = 4; lastKnownFileType = sourcecode.swift; path = HeaderRecipeDeatilsCellViewModel.swift; sourceTree = "<group>"; };
		1AA694A926CBBFBB00E949CC /* RecipeDetailsViewModel.swift */ = {isa = PBXFileReference; fileEncoding = 4; lastKnownFileType = sourcecode.swift; path = RecipeDetailsViewModel.swift; sourceTree = "<group>"; };
		1AA694AB26CBBFBB00E949CC /* RecipeDetailsViewController.storyboard */ = {isa = PBXFileReference; fileEncoding = 4; lastKnownFileType = file.storyboard; path = RecipeDetailsViewController.storyboard; sourceTree = "<group>"; };
		1AA694AD26CBBFBB00E949CC /* RecipeDetailsTypesCollectionViewCell.swift */ = {isa = PBXFileReference; fileEncoding = 4; lastKnownFileType = sourcecode.swift; path = RecipeDetailsTypesCollectionViewCell.swift; sourceTree = "<group>"; };
		1AA694AE26CBBFBB00E949CC /* RecipeDetailsIngredientsViewCell.swift */ = {isa = PBXFileReference; fileEncoding = 4; lastKnownFileType = sourcecode.swift; path = RecipeDetailsIngredientsViewCell.swift; sourceTree = "<group>"; };
		1AA694AF26CBBFBB00E949CC /* RecipeDetailsHeaderViewCell.swift */ = {isa = PBXFileReference; fileEncoding = 4; lastKnownFileType = sourcecode.swift; path = RecipeDetailsHeaderViewCell.swift; sourceTree = "<group>"; };
		1AA694B026CBBFBB00E949CC /* RecipeDetailsViewController.swift */ = {isa = PBXFileReference; fileEncoding = 4; lastKnownFileType = sourcecode.swift; path = RecipeDetailsViewController.swift; sourceTree = "<group>"; };
		1AB8B37126A994B7000A0115 /* RecipeDetailsViewController.swift */ = {isa = PBXFileReference; lastKnownFileType = sourcecode.swift; path = RecipeDetailsViewController.swift; sourceTree = "<group>"; };
		1AB8B37326A994C8000A0115 /* RecipeDetailsViewController.storyboard */ = {isa = PBXFileReference; lastKnownFileType = file.storyboard; path = RecipeDetailsViewController.storyboard; sourceTree = "<group>"; };
		1AB8B37526A9987E000A0115 /* RecipeDetailsRequestDTO+Mapping.swift */ = {isa = PBXFileReference; lastKnownFileType = sourcecode.swift; path = "RecipeDetailsRequestDTO+Mapping.swift"; sourceTree = "<group>"; };
		1AB8B37726A99893000A0115 /* RecipeDetailsResponseDTO+Mapping.swift */ = {isa = PBXFileReference; lastKnownFileType = sourcecode.swift; path = "RecipeDetailsResponseDTO+Mapping.swift"; sourceTree = "<group>"; };
		1AB8B37F26AAC6B3000A0115 /* DetailRecipeQuery.swift */ = {isa = PBXFileReference; lastKnownFileType = sourcecode.swift; path = DetailRecipeQuery.swift; sourceTree = "<group>"; };
		1AB8B38126AAC9E2000A0115 /* DetailRecipe.swift */ = {isa = PBXFileReference; lastKnownFileType = sourcecode.swift; path = DetailRecipe.swift; sourceTree = "<group>"; };
		1AB8B38526AAD7EA000A0115 /* RecipeDetailResponseEntity+Mapping.swift */ = {isa = PBXFileReference; lastKnownFileType = sourcecode.swift; path = "RecipeDetailResponseEntity+Mapping.swift"; sourceTree = "<group>"; };
		1AB8B38726AE9CC0000A0115 /* RecipeDetailsCellViewModel.swift */ = {isa = PBXFileReference; lastKnownFileType = sourcecode.swift; path = RecipeDetailsCellViewModel.swift; sourceTree = "<group>"; };
		1AB8B38A26AE9D2D000A0115 /* RecipeDetailsIngredientsViewCell.swift */ = {isa = PBXFileReference; lastKnownFileType = sourcecode.swift; path = RecipeDetailsIngredientsViewCell.swift; sourceTree = "<group>"; };
		1AB8B38E26B00215000A0115 /* RecipeDetailsTypesCollectionViewCell.swift */ = {isa = PBXFileReference; lastKnownFileType = sourcecode.swift; path = RecipeDetailsTypesCollectionViewCell.swift; sourceTree = "<group>"; };
		1AB8B39226B0257C000A0115 /* RecipeDetailsHeaderViewCell.swift */ = {isa = PBXFileReference; lastKnownFileType = sourcecode.swift; path = RecipeDetailsHeaderViewCell.swift; sourceTree = "<group>"; };
		1ABD0EED26C168B300FE01D9 /* removeLikeInteractor.swift */ = {isa = PBXFileReference; lastKnownFileType = sourcecode.swift; path = removeLikeInteractor.swift; sourceTree = "<group>"; };
		1ABD0EF326C3E38F00FE01D9 /* FavouriteRecipesListView.swift */ = {isa = PBXFileReference; lastKnownFileType = sourcecode.swift; path = FavouriteRecipesListView.swift; sourceTree = "<group>"; };
		1ACEA57A26A58C7400D6C35E /* DataTransferError+ConnectionError.swift */ = {isa = PBXFileReference; lastKnownFileType = sourcecode.swift; path = "DataTransferError+ConnectionError.swift"; sourceTree = "<group>"; };
		1ACEA57C26A58C9700D6C35E /* ConnectionError.swift */ = {isa = PBXFileReference; lastKnownFileType = sourcecode.swift; path = ConnectionError.swift; sourceTree = "<group>"; };
		1ACEA57E26A5A18600D6C35E /* UIViewController+ActivityIndicator.swift */ = {isa = PBXFileReference; lastKnownFileType = sourcecode.swift; path = "UIViewController+ActivityIndicator.swift"; sourceTree = "<group>"; };
		1ACEA58426A6FDAC00D6C35E /* Recipe.swift */ = {isa = PBXFileReference; lastKnownFileType = sourcecode.swift; path = Recipe.swift; sourceTree = "<group>"; };
		1ACEA58626A8298800D6C35E /* UIImageView+ImageSizeAfterAspectFit.swift */ = {isa = PBXFileReference; lastKnownFileType = sourcecode.swift; path = "UIImageView+ImageSizeAfterAspectFit.swift"; sourceTree = "<group>"; };
		1ACEA58826A829D200D6C35E /* CGSize+ScaledSize.swift */ = {isa = PBXFileReference; lastKnownFileType = sourcecode.swift; path = "CGSize+ScaledSize.swift"; sourceTree = "<group>"; };
		1ACEA58A26A8344300D6C35E /* dishImagesPepository.swift */ = {isa = PBXFileReference; lastKnownFileType = sourcecode.swift; path = dishImagesPepository.swift; sourceTree = "<group>"; };
		1ACEA58C26A8348200D6C35E /* DefaultDishImagesRepository.swift */ = {isa = PBXFileReference; lastKnownFileType = sourcecode.swift; path = DefaultDishImagesRepository.swift; sourceTree = "<group>"; };
		1AE2373026B3F89200956EB7 /* MainTabBarController.storyboard */ = {isa = PBXFileReference; lastKnownFileType = file.storyboard; name = MainTabBarController.storyboard; path = ../../../../../../../MainTabBarController.storyboard; sourceTree = "<group>"; };
		1AE2373226B3F8B000956EB7 /* MainTabBarController.swift */ = {isa = PBXFileReference; lastKnownFileType = sourcecode.swift; name = MainTabBarController.swift; path = ../../../../../../../MainTabBarController.swift; sourceTree = "<group>"; };
		1AE2373426B3F8C800956EB7 /* MainTabBarViewModel.swift */ = {isa = PBXFileReference; lastKnownFileType = sourcecode.swift; name = MainTabBarViewModel.swift; path = ../../../../../../../MainTabBarViewModel.swift; sourceTree = "<group>"; };
		1AE2373626B4006700956EB7 /* MainTabBarFlowCoorfinator.swift */ = {isa = PBXFileReference; lastKnownFileType = sourcecode.swift; path = MainTabBarFlowCoorfinator.swift; sourceTree = "<group>"; };
/* End PBXFileReference section */

/* Begin PBXFrameworksBuildPhase section */
		1A61E94F26A00B80007AF003 /* Frameworks */ = {
			isa = PBXFrameworksBuildPhase;
			buildActionMask = 2147483647;
			files = (
			);
			runOnlyForDeploymentPostprocessing = 0;
		};
/* End PBXFrameworksBuildPhase section */

/* Begin PBXGroup section */
		1A61E94926A00B80007AF003 = {
			isa = PBXGroup;
			children = (
				1A61E95426A00B80007AF003 /* RecipesList */,
				1A61E95326A00B80007AF003 /* Products */,
				1AA694A226CBBECE00E949CC /* Recovered References */,
			);
			sourceTree = "<group>";
		};
		1A61E95326A00B80007AF003 /* Products */ = {
			isa = PBXGroup;
			children = (
				1A61E95226A00B80007AF003 /* RecipesList.app */,
			);
			name = Products;
			sourceTree = "<group>";
		};
		1A61E95426A00B80007AF003 /* RecipesList */ = {
			isa = PBXGroup;
			children = (
				1A61E96C26A00B8C007AF003 /* Application */,
				1A61E96D26A00B99007AF003 /* Presentation */,
				1A61E97026A00BB2007AF003 /* Infrastructure */,
				1A61E96F26A00BAC007AF003 /* Data */,
				1A61E96E26A00BA5007AF003 /* Domain */,
				1A61E99126A03AA0007AF003 /* Common */,
				1A61E97126A00C0D007AF003 /* Resources */,
			);
			path = RecipesList;
			sourceTree = "<group>";
		};
		1A61E96C26A00B8C007AF003 /* Application */ = {
			isa = PBXGroup;
			children = (
				1A61E95526A00B80007AF003 /* AppDelegate.swift */,
				1A61E9CC26A1BD92007AF003 /* AppAppearance.swift */,
				1A61E9CA26A1BC0E007AF003 /* AppConfigurations.swift */,
				1A61E9CE26A1BE3B007AF003 /* AppFlowCoordinator.swift */,
				1A61E98226A03071007AF003 /* DIContainer */,
			);
			path = Application;
			sourceTree = "<group>";
		};
		1A61E96D26A00B99007AF003 /* Presentation */ = {
			isa = PBXGroup;
			children = (
				1A61E97326A00D13007AF003 /* RecepiesScene */,
				1A61E97E26A02DCF007AF003 /* Utils */,
			);
			path = Presentation;
			sourceTree = "<group>";
		};
		1A61E96E26A00BA5007AF003 /* Domain */ = {
			isa = PBXGroup;
			children = (
				1A684BA826BBF76700CEFA28 /* Interactors */,
				1A61E99426A03B07007AF003 /* Interfaces */,
				1A61E98826A034F7007AF003 /* Entities */,
				1A61E98526A033E3007AF003 /* UseCases */,
			);
			path = Domain;
			sourceTree = "<group>";
		};
		1A61E96F26A00BAC007AF003 /* Data */ = {
			isa = PBXGroup;
			children = (
				1A61E9AD26A0506B007AF003 /* Network */,
				1A61E99F26A04859007AF003 /* PersistentStorages */,
				1A61E99726A03FD3007AF003 /* Repositories */,
			);
			path = Data;
			sourceTree = "<group>";
		};
		1A61E97026A00BB2007AF003 /* Infrastructure */ = {
			isa = PBXGroup;
			children = (
				1A61E99A26A0409E007AF003 /* Network */,
			);
			path = Infrastructure;
			sourceTree = "<group>";
		};
		1A61E97126A00C0D007AF003 /* Resources */ = {
			isa = PBXGroup;
			children = (
				1A61E96126A00B82007AF003 /* Assets.xcassets */,
				1A61E96326A00B82007AF003 /* LaunchScreen.storyboard */,
				1A61E96626A00B82007AF003 /* Info.plist */,
			);
			path = Resources;
			sourceTree = "<group>";
		};
		1A61E97226A00CD5007AF003 /* CoreDataStorage */ = {
			isa = PBXGroup;
			children = (
				1A61E9BA26A05F5F007AF003 /* CoreDataStorage.swift */,
				1A61E95E26A00B80007AF003 /* CoreDataStorage.xcdatamodeld */,
			);
			path = CoreDataStorage;
			sourceTree = "<group>";
		};
		1A61E97326A00D13007AF003 /* RecepiesScene */ = {
			isa = PBXGroup;
			children = (
				1A684BA526BAC54300CEFA28 /* TableManager */,
				1A684B9726BAA0B300CEFA28 /* FavouriteRecipes */,
				1AA694A326CBBFBB00E949CC /* RecipeDetails */,
				1AE2372D26B3F84500956EB7 /* MainTabBar */,
				1A61E9D026A1BF1B007AF003 /* Flows */,
				1A61E97426A00D53007AF003 /* RecepiesList */,
				1A61E9D626A5686A007AF003 /* Behavoirs */,
			);
			path = RecepiesScene;
			sourceTree = "<group>";
		};
		1A61E97426A00D53007AF003 /* RecepiesList */ = {
			isa = PBXGroup;
			children = (
				1A61E97626A00D82007AF003 /* ViewModel */,
				1A61E97526A00D7C007AF003 /* View */,
			);
			path = RecepiesList;
			sourceTree = "<group>";
		};
		1A61E97526A00D7C007AF003 /* View */ = {
			isa = PBXGroup;
			children = (
				1A61E95926A00B80007AF003 /* RecepiesListViewController.swift */,
				1A61E95B26A00B80007AF003 /* RecepiesListViewController.storyboard */,
				1A61E97926A01F73007AF003 /* RecepiesTableViewController */,
			);
			path = View;
			sourceTree = "<group>";
		};
		1A61E97626A00D82007AF003 /* ViewModel */ = {
			isa = PBXGroup;
			children = (
				1A61E97726A01F0B007AF003 /* RecepiesListViewModel.swift */,
				1A61E9DC26A56A48007AF003 /* RecepiesListItemViewModel.swift */,
			);
			path = ViewModel;
			sourceTree = "<group>";
		};
		1A61E97926A01F73007AF003 /* RecepiesTableViewController */ = {
			isa = PBXGroup;
			children = (
				1A61E97A26A01F9B007AF003 /* RecepiesListTableViewController.swift */,
				1A61E9E026A56F05007AF003 /* Cells */,
			);
			path = RecepiesTableViewController;
			sourceTree = "<group>";
		};
		1A61E97E26A02DCF007AF003 /* Utils */ = {
			isa = PBXGroup;
			children = (
				1A61E9D326A564B7007AF003 /* Extensions */,
				1A61E97F26A02E03007AF003 /* Protocols */,
				1A61E9DE26A56A86007AF003 /* Observable.swift */,
				1A61E9E326A57761007AF003 /* LoadingView.swift */,
			);
			path = Utils;
			sourceTree = "<group>";
		};
		1A61E97F26A02E03007AF003 /* Protocols */ = {
			isa = PBXGroup;
			children = (
				1A61E98026A02E23007AF003 /* StoryboardInstantiable.swift */,
				1A61E9E526A579EA007AF003 /* Alertable.swift */,
			);
			path = Protocols;
			sourceTree = "<group>";
		};
		1A61E98226A03071007AF003 /* DIContainer */ = {
			isa = PBXGroup;
			children = (
				1A61E9C826A1BBD3007AF003 /* AppDIContainer.swift */,
				1A61E98326A0309A007AF003 /* RecipesSceneDIContainer.swift */,
			);
			path = DIContainer;
			sourceTree = "<group>";
		};
		1A61E98526A033E3007AF003 /* UseCases */ = {
			isa = PBXGroup;
			children = (
				1A61E98626A03414007AF003 /* SearchRecepiesUseCase.swift */,
				1A684B8726B88D6400CEFA28 /* RecipesListWithFavouritesUseCase.swift */,
				1A684BAD26BC028F00CEFA28 /* FavouriteRecipesListUseCase.swift */,
			);
			path = UseCases;
			sourceTree = "<group>";
		};
		1A61E98826A034F7007AF003 /* Entities */ = {
			isa = PBXGroup;
			children = (
				1A61E98E26A039AE007AF003 /* RecipeQuery.swift */,
				1ACEA58426A6FDAC00D6C35E /* Recipe.swift */,
				1AB8B37F26AAC6B3000A0115 /* DetailRecipeQuery.swift */,
				1AB8B38126AAC9E2000A0115 /* DetailRecipe.swift */,
				1A684B9526B97D2E00CEFA28 /* FavouriteRecept.swift */,
				1A684BAF26BC20B100CEFA28 /* FavouriteRecipesQuery.swift */,
			);
			path = Entities;
			sourceTree = "<group>";
		};
		1A61E98B26A038B3007AF003 /* Repositories */ = {
			isa = PBXGroup;
			children = (
				1A61E98C26A038C9007AF003 /* RecepiesRepository.swift */,
				1A61E99526A03B36007AF003 /* RecepiesQueriesRepository.swift */,
				1ACEA58A26A8344300D6C35E /* dishImagesPepository.swift */,
			);
			path = Repositories;
			sourceTree = "<group>";
		};
		1A61E99126A03AA0007AF003 /* Common */ = {
			isa = PBXGroup;
			children = (
				1A61E99226A03AB7007AF003 /* Cancellable.swift */,
				1ACEA57C26A58C9700D6C35E /* ConnectionError.swift */,
			);
			path = Common;
			sourceTree = "<group>";
		};
		1A61E99426A03B07007AF003 /* Interfaces */ = {
			isa = PBXGroup;
			children = (
				1A61E98B26A038B3007AF003 /* Repositories */,
			);
			path = Interfaces;
			sourceTree = "<group>";
		};
		1A61E99726A03FD3007AF003 /* Repositories */ = {
			isa = PBXGroup;
			children = (
				1A61E99826A03FEF007AF003 /* DefaultRecepiesRepository.swift */,
				1A61E9B526A057E1007AF003 /* DefaultRecepiesQueriesRepository.swift */,
				1ACEA58C26A8348200D6C35E /* DefaultDishImagesRepository.swift */,
				1A61E9A626A04AEE007AF003 /* Utils */,
			);
			path = Repositories;
			sourceTree = "<group>";
		};
		1A61E99A26A0409E007AF003 /* Network */ = {
			isa = PBXGroup;
			children = (
				1A61E99B26A040B3007AF003 /* DataTransferService.swift */,
				1A61E99D26A04177007AF003 /* NetworkService.swift */,
				1A61E9AB26A04F23007AF003 /* Endpoint.swift */,
				1A61E9B326A056E0007AF003 /* NetworkConfig.swift */,
			);
			path = Network;
			sourceTree = "<group>";
		};
		1A61E99F26A04859007AF003 /* PersistentStorages */ = {
			isa = PBXGroup;
			children = (
				1A684B8926B90F0500CEFA28 /* FavoriteRecipesListStorage */,
				1A61E9A026A0486C007AF003 /* RecepiesResponseStorage */,
				1A61E9A326A048E8007AF003 /* RecepiesQueriesStorage */,
				1A61E97226A00CD5007AF003 /* CoreDataStorage */,
			);
			path = PersistentStorages;
			sourceTree = "<group>";
		};
		1A61E9A026A0486C007AF003 /* RecepiesResponseStorage */ = {
			isa = PBXGroup;
			children = (
				1A61E9A126A04894007AF003 /* RecipesResponseStorage.swift */,
				1A61E9BF26A0681C007AF003 /* CoreDataRecepiesResponseStorage.swift */,
				1A61E9C326A0701C007AF003 /* EntityMapping */,
			);
			path = RecepiesResponseStorage;
			sourceTree = "<group>";
		};
		1A61E9A326A048E8007AF003 /* RecepiesQueriesStorage */ = {
			isa = PBXGroup;
			children = (
				1A61E9A426A04907007AF003 /* RecepiesQueriesStorage.swift */,
				1A61E9B926A05ED1007AF003 /* CoreDataStorage */,
			);
			path = RecepiesQueriesStorage;
			sourceTree = "<group>";
		};
		1A61E9A626A04AEE007AF003 /* Utils */ = {
			isa = PBXGroup;
			children = (
				1A61E9A726A04B06007AF003 /* RepositoryTask.swift */,
				1A9F6D1226C6750D0000B708 /* RecipeImageSizes.swift */,
			);
			path = Utils;
			sourceTree = "<group>";
		};
		1A61E9AD26A0506B007AF003 /* Network */ = {
			isa = PBXGroup;
			children = (
				1A61E9C126A06B23007AF003 /* APIEndpoints.swift */,
				1A61E9AE26A05088007AF003 /* DataMapping */,
			);
			path = Network;
			sourceTree = "<group>";
		};
		1A61E9AE26A05088007AF003 /* DataMapping */ = {
			isa = PBXGroup;
			children = (
				1A61E9AF26A050A8007AF003 /* RecepiesRequestDTO+Mapping.swift */,
				1A61E9B126A051FF007AF003 /* RecepiesResponseDTO + Mapping.swift */,
				1AB8B37526A9987E000A0115 /* RecipeDetailsRequestDTO+Mapping.swift */,
				1AB8B37726A99893000A0115 /* RecipeDetailsResponseDTO+Mapping.swift */,
				1A684B9126B91D6F00CEFA28 /* FavouriteRecipesDTO+Mapping.swift */,
				1A684BB126BC22F600CEFA28 /* FavouriteRecipesRequestDTO.swift */,
				1A684BB326BC23C000CEFA28 /* FavouriteRecipesResponseDTO+Mapping.swift */,
			);
			path = DataMapping;
			sourceTree = "<group>";
		};
		1A61E9B926A05ED1007AF003 /* CoreDataStorage */ = {
			isa = PBXGroup;
			children = (
				1A61E9B726A05DD1007AF003 /* CoreDataRecepiesQueriesStorage.swift */,
				1A61E9BC26A061E0007AF003 /* EntityMaping */,
			);
			path = CoreDataStorage;
			sourceTree = "<group>";
		};
		1A61E9BC26A061E0007AF003 /* EntityMaping */ = {
			isa = PBXGroup;
			children = (
				1A61E9BD26A061FD007AF003 /* ReceptQueryEntity.swift */,
			);
			path = EntityMaping;
			sourceTree = "<group>";
		};
		1A61E9C326A0701C007AF003 /* EntityMapping */ = {
			isa = PBXGroup;
			children = (
				1A61E9C426A07041007AF003 /* RecepiesResponseEntity+Mapping.swift */,
				1AB8B38526AAD7EA000A0115 /* RecipeDetailResponseEntity+Mapping.swift */,
			);
			path = EntityMapping;
			sourceTree = "<group>";
		};
		1A61E9D026A1BF1B007AF003 /* Flows */ = {
			isa = PBXGroup;
			children = (
				1A61E9D126A1BF3C007AF003 /* RecipesSearchFlowCoordinator.swift */,
				1A684BA326BAB28B00CEFA28 /* FavouriteRecipesListFlowCoordinator.swift */,
				1AE2373626B4006700956EB7 /* MainTabBarFlowCoorfinator.swift */,
			);
			path = Flows;
			sourceTree = "<group>";
		};
		1A61E9D326A564B7007AF003 /* Extensions */ = {
			isa = PBXGroup;
			children = (
				1A61E9D426A564DC007AF003 /* UIViewController+AddBehaviors.swift */,
				1ACEA57A26A58C7400D6C35E /* DataTransferError+ConnectionError.swift */,
				1ACEA57E26A5A18600D6C35E /* UIViewController+ActivityIndicator.swift */,
				1ACEA58626A8298800D6C35E /* UIImageView+ImageSizeAfterAspectFit.swift */,
				1ACEA58826A829D200D6C35E /* CGSize+ScaledSize.swift */,
			);
			path = Extensions;
			sourceTree = "<group>";
		};
		1A61E9D626A5686A007AF003 /* Behavoirs */ = {
			isa = PBXGroup;
			children = (
				1A61E9D726A5687D007AF003 /* BackButtonEmptyTitleNavigationBarBehavior.swift */,
				1A61E9DA26A568DC007AF003 /* BlackStyleNavigationBarBehavior.swift */,
			);
			path = Behavoirs;
			sourceTree = "<group>";
		};
		1A61E9E026A56F05007AF003 /* Cells */ = {
			isa = PBXGroup;
			children = (
				1A61E9E126A56F3B007AF003 /* RecepiesListItemCell.swift */,
			);
			path = Cells;
			sourceTree = "<group>";
		};
		1A684B8926B90F0500CEFA28 /* FavoriteRecipesListStorage */ = {
			isa = PBXGroup;
			children = (
				1A684B8F26B917ED00CEFA28 /* FavouriteRecipesStorage.swift */,
				1A684B9326B91E4200CEFA28 /* CoreDataFavouriteRecipesStorage.swift */,
				1A684B8A26B9117700CEFA28 /* EntityMaping */,
			);
			path = FavoriteRecipesListStorage;
			sourceTree = "<group>";
		};
		1A684B8A26B9117700CEFA28 /* EntityMaping */ = {
			isa = PBXGroup;
			children = (
				1A684B8D26B9141900CEFA28 /* FavouriteRecipesEntity.swift */,
			);
			path = EntityMaping;
			sourceTree = "<group>";
		};
		1A684B9726BAA0B300CEFA28 /* FavouriteRecipes */ = {
			isa = PBXGroup;
			children = (
				1A684B9926BAA0CB00CEFA28 /* ViewModel */,
				1A684B9826BAA0C700CEFA28 /* View */,
			);
			path = FavouriteRecipes;
			sourceTree = "<group>";
		};
		1A684B9826BAA0C700CEFA28 /* View */ = {
			isa = PBXGroup;
			children = (
				1ABD0EF226C3E2A200FE01D9 /* UIKit */,
				1ABD0EF126C3E29300FE01D9 /* SwiftUI */,
			);
			path = View;
			sourceTree = "<group>";
		};
		1A684B9926BAA0CB00CEFA28 /* ViewModel */ = {
			isa = PBXGroup;
			children = (
				1A684BA126BAA17800CEFA28 /* FavouriteRecipesViewModel.swift */,
			);
			path = ViewModel;
			sourceTree = "<group>";
		};
		1A684B9E26BAA11100CEFA28 /* Cell */ = {
			isa = PBXGroup;
			children = (
				1A684B9F26BAA12D00CEFA28 /* FavouriteRecipesTableViewCell.swift */,
			);
			path = Cell;
			sourceTree = "<group>";
		};
		1A684BA526BAC54300CEFA28 /* TableManager */ = {
			isa = PBXGroup;
			children = (
				1A684BA626BAC55B00CEFA28 /* RecipesListTableManager.swift */,
			);
			path = TableManager;
			sourceTree = "<group>";
		};
		1A684BA826BBF76700CEFA28 /* Interactors */ = {
			isa = PBXGroup;
			children = (
				1A684BA926BBF88B00CEFA28 /* GetAllLikesInteractor.swift */,
				1A684BB526BD610400CEFA28 /* SetLikeInteractor.swift */,
				1ABD0EED26C168B300FE01D9 /* removeLikeInteractor.swift */,
			);
			path = Interactors;
			sourceTree = "<group>";
		};
		1AA694A226CBBECE00E949CC /* Recovered References */ = {
			isa = PBXGroup;
			children = (
				1AB8B39226B0257C000A0115 /* RecipeDetailsHeaderViewCell.swift */,
				1AB8B38E26B00215000A0115 /* RecipeDetailsTypesCollectionViewCell.swift */,
				1AB8B38A26AE9D2D000A0115 /* RecipeDetailsIngredientsViewCell.swift */,
				1AB8B38726AE9CC0000A0115 /* RecipeDetailsCellViewModel.swift */,
				1AB8B37126A994B7000A0115 /* RecipeDetailsViewController.swift */,
				1AB8B37326A994C8000A0115 /* RecipeDetailsViewController.storyboard */,
			);
			name = "Recovered References";
			sourceTree = "<group>";
		};
		1AA694A326CBBFBB00E949CC /* RecipeDetails */ = {
			isa = PBXGroup;
			children = (
				1AA694A426CBBFBB00E949CC /* ViewModel */,
				1AA694AA26CBBFBB00E949CC /* View */,
			);
			path = RecipeDetails;
			sourceTree = "<group>";
		};
		1AA694A426CBBFBB00E949CC /* ViewModel */ = {
			isa = PBXGroup;
			children = (
				1AA694A526CBBFBB00E949CC /* DishTypesRecipeDetailsCellViewModel.swift */,
				1AA694A626CBBFBB00E949CC /* ExtendedIngredientsRecipeDetailsCellViewModel.swift */,
				1AA694A726CBBFBB00E949CC /* RecipeDetailsCellViewModelProtocol.swift */,
				1AA694A826CBBFBB00E949CC /* HeaderRecipeDeatilsCellViewModel.swift */,
				1AA694A926CBBFBB00E949CC /* RecipeDetailsViewModel.swift */,
			);
			path = ViewModel;
			sourceTree = "<group>";
		};
		1AA694AA26CBBFBB00E949CC /* View */ = {
			isa = PBXGroup;
			children = (
				1AA694AB26CBBFBB00E949CC /* RecipeDetailsViewController.storyboard */,
				1AA694AC26CBBFBB00E949CC /* RecipeDetailsViewCell */,
				1AA694B026CBBFBB00E949CC /* RecipeDetailsViewController.swift */,
			);
			path = View;
			sourceTree = "<group>";
		};
		1AA694AC26CBBFBB00E949CC /* RecipeDetailsViewCell */ = {
			isa = PBXGroup;
			children = (
				1AA694AD26CBBFBB00E949CC /* RecipeDetailsTypesCollectionViewCell.swift */,
				1AA694AE26CBBFBB00E949CC /* RecipeDetailsIngredientsViewCell.swift */,
				1AA694AF26CBBFBB00E949CC /* RecipeDetailsHeaderViewCell.swift */,
			);
			path = RecipeDetailsViewCell;
			sourceTree = "<group>";
		};
		1ABD0EF126C3E29300FE01D9 /* SwiftUI */ = {
			isa = PBXGroup;
			children = (
				1ABD0EF326C3E38F00FE01D9 /* FavouriteRecipesListView.swift */,
			);
			path = SwiftUI;
			sourceTree = "<group>";
		};
		1ABD0EF226C3E2A200FE01D9 /* UIKit */ = {
			isa = PBXGroup;
			children = (
				1A684B9A26BAA10500CEFA28 /* FavouriteRecipesTableViewController.swift */,
				1A684B9C26BAA10D00CEFA28 /* FavouriteRecipesTableViewController.storyboard */,
				1A684B9E26BAA11100CEFA28 /* Cell */,
			);
			path = UIKit;
			sourceTree = "<group>";
		};
		1AE2372D26B3F84500956EB7 /* MainTabBar */ = {
			isa = PBXGroup;
			children = (
				1AE2372E26B3F85700956EB7 /* ViewModel */,
				1AE2372F26B3F86000956EB7 /* View */,
			);
			path = MainTabBar;
			sourceTree = "<group>";
		};
		1AE2372E26B3F85700956EB7 /* ViewModel */ = {
			isa = PBXGroup;
			children = (
				1AE2373426B3F8C800956EB7 /* MainTabBarViewModel.swift */,
			);
			path = ViewModel;
			sourceTree = "<group>";
		};
		1AE2372F26B3F86000956EB7 /* View */ = {
			isa = PBXGroup;
			children = (
				1AE2373226B3F8B000956EB7 /* MainTabBarController.swift */,
				1AE2373026B3F89200956EB7 /* MainTabBarController.storyboard */,
			);
			path = View;
			sourceTree = "<group>";
		};
/* End PBXGroup section */

/* Begin PBXNativeTarget section */
		1A61E95126A00B80007AF003 /* RecipesList */ = {
			isa = PBXNativeTarget;
			buildConfigurationList = 1A61E96926A00B82007AF003 /* Build configuration list for PBXNativeTarget "RecipesList" */;
			buildPhases = (
				1A61E94E26A00B80007AF003 /* Sources */,
				1A61E94F26A00B80007AF003 /* Frameworks */,
				1A61E95026A00B80007AF003 /* Resources */,
			);
			buildRules = (
			);
			dependencies = (
			);
			name = RecipesList;
			productName = RecipesList;
			productReference = 1A61E95226A00B80007AF003 /* RecipesList.app */;
			productType = "com.apple.product-type.application";
		};
/* End PBXNativeTarget section */

/* Begin PBXProject section */
		1A61E94A26A00B80007AF003 /* Project object */ = {
			isa = PBXProject;
			attributes = {
				LastSwiftUpdateCheck = 1250;
				LastUpgradeCheck = 1300;
				TargetAttributes = {
					1A61E95126A00B80007AF003 = {
						CreatedOnToolsVersion = 12.5;
					};
				};
			};
			buildConfigurationList = 1A61E94D26A00B80007AF003 /* Build configuration list for PBXProject "RecipesList" */;
			compatibilityVersion = "Xcode 9.3";
			developmentRegion = en;
			hasScannedForEncodings = 0;
			knownRegions = (
				en,
				Base,
			);
			mainGroup = 1A61E94926A00B80007AF003;
			productRefGroup = 1A61E95326A00B80007AF003 /* Products */;
			projectDirPath = "";
			projectRoot = "";
			targets = (
				1A61E95126A00B80007AF003 /* RecipesList */,
			);
		};
/* End PBXProject section */

/* Begin PBXResourcesBuildPhase section */
		1A61E95026A00B80007AF003 /* Resources */ = {
			isa = PBXResourcesBuildPhase;
			buildActionMask = 2147483647;
			files = (
				1AA694B626CBBFBB00E949CC /* RecipeDetailsViewController.storyboard in Resources */,
				1A684B9D26BAA10D00CEFA28 /* FavouriteRecipesTableViewController.storyboard in Resources */,
				1A61E96526A00B82007AF003 /* LaunchScreen.storyboard in Resources */,
				1A61E96226A00B82007AF003 /* Assets.xcassets in Resources */,
				1A61E95D26A00B80007AF003 /* RecepiesListViewController.storyboard in Resources */,
				1AE2373126B3F89200956EB7 /* MainTabBarController.storyboard in Resources */,
			);
			runOnlyForDeploymentPostprocessing = 0;
		};
/* End PBXResourcesBuildPhase section */

/* Begin PBXSourcesBuildPhase section */
		1A61E94E26A00B80007AF003 /* Sources */ = {
			isa = PBXSourcesBuildPhase;
			buildActionMask = 2147483647;
			files = (
				1A61E9C926A1BBD3007AF003 /* AppDIContainer.swift in Sources */,
				1AA694BA26CBBFBB00E949CC /* RecipeDetailsViewController.swift in Sources */,
				1ACEA58726A8298800D6C35E /* UIImageView+ImageSizeAfterAspectFit.swift in Sources */,
				1A61E9B226A051FF007AF003 /* RecepiesResponseDTO + Mapping.swift in Sources */,
				1A61E9D526A564DC007AF003 /* UIViewController+AddBehaviors.swift in Sources */,
				1A61E9C526A07041007AF003 /* RecepiesResponseEntity+Mapping.swift in Sources */,
				1A684BA226BAA17800CEFA28 /* FavouriteRecipesViewModel.swift in Sources */,
				1AE2373526B3F8C800956EB7 /* MainTabBarViewModel.swift in Sources */,
				1A61E9C026A0681C007AF003 /* CoreDataRecepiesResponseStorage.swift in Sources */,
				1ACEA58B26A8344300D6C35E /* dishImagesPepository.swift in Sources */,
				1A684BB426BC23C000CEFA28 /* FavouriteRecipesResponseDTO+Mapping.swift in Sources */,
				1A684BA026BAA12D00CEFA28 /* FavouriteRecipesTableViewCell.swift in Sources */,
				1AE2373726B4006700956EB7 /* MainTabBarFlowCoorfinator.swift in Sources */,
				1AA694B226CBBFBB00E949CC /* ExtendedIngredientsRecipeDetailsCellViewModel.swift in Sources */,
				1A61E9E426A57761007AF003 /* LoadingView.swift in Sources */,
				1A61E9D226A1BF3C007AF003 /* RecipesSearchFlowCoordinator.swift in Sources */,
				1A684B9026B917ED00CEFA28 /* FavouriteRecipesStorage.swift in Sources */,
				1A684BB026BC20B100CEFA28 /* FavouriteRecipesQuery.swift in Sources */,
				1A61E95A26A00B80007AF003 /* RecepiesListViewController.swift in Sources */,
				1A61E9CD26A1BD93007AF003 /* AppAppearance.swift in Sources */,
				1A61E97826A01F0B007AF003 /* RecepiesListViewModel.swift in Sources */,
				1A61E9BB26A05F5F007AF003 /* CoreDataStorage.swift in Sources */,
				1A61E9B626A057E1007AF003 /* DefaultRecepiesQueriesRepository.swift in Sources */,
				1A61E99326A03AB7007AF003 /* Cancellable.swift in Sources */,
				1A61E9B826A05DD1007AF003 /* CoreDataRecepiesQueriesStorage.swift in Sources */,
				1A61E9E626A579EA007AF003 /* Alertable.swift in Sources */,
				1A61E99926A03FEF007AF003 /* DefaultRecepiesRepository.swift in Sources */,
				1A9F6D1326C6750D0000B708 /* RecipeImageSizes.swift in Sources */,
				1A61E99C26A040B3007AF003 /* DataTransferService.swift in Sources */,
				1A61E99E26A04177007AF003 /* NetworkService.swift in Sources */,
				1AA694B326CBBFBB00E949CC /* RecipeDetailsCellViewModelProtocol.swift in Sources */,
				1ACEA57D26A58C9700D6C35E /* ConnectionError.swift in Sources */,
				1A61E9DF26A56A86007AF003 /* Observable.swift in Sources */,
				1A61E9D826A5687D007AF003 /* BackButtonEmptyTitleNavigationBarBehavior.swift in Sources */,
				1A61E9DB26A568DC007AF003 /* BlackStyleNavigationBarBehavior.swift in Sources */,
				1AB8B38626AAD7EA000A0115 /* RecipeDetailResponseEntity+Mapping.swift in Sources */,
				1A684B9426B91E4200CEFA28 /* CoreDataFavouriteRecipesStorage.swift in Sources */,
				1A61E9A826A04B06007AF003 /* RepositoryTask.swift in Sources */,
				1A61E9AC26A04F23007AF003 /* Endpoint.swift in Sources */,
				1AB8B38026AAC6B3000A0115 /* DetailRecipeQuery.swift in Sources */,
				1ABD0EF426C3E38F00FE01D9 /* FavouriteRecipesListView.swift in Sources */,
				1ACEA58926A829D200D6C35E /* CGSize+ScaledSize.swift in Sources */,
				1AA694B926CBBFBB00E949CC /* RecipeDetailsHeaderViewCell.swift in Sources */,
				1A61E9A226A04894007AF003 /* RecipesResponseStorage.swift in Sources */,
				1AB8B38226AAC9E2000A0115 /* DetailRecipe.swift in Sources */,
				1A61E9CF26A1BE3B007AF003 /* AppFlowCoordinator.swift in Sources */,
				1A684BA726BAC55B00CEFA28 /* RecipesListTableManager.swift in Sources */,
				1A61E95626A00B80007AF003 /* AppDelegate.swift in Sources */,
				1A684B8826B88D6400CEFA28 /* RecipesListWithFavouritesUseCase.swift in Sources */,
				1A684BB626BD610400CEFA28 /* SetLikeInteractor.swift in Sources */,
				1A61E9E226A56F3B007AF003 /* RecepiesListItemCell.swift in Sources */,
				1A684B9B26BAA10500CEFA28 /* FavouriteRecipesTableViewController.swift in Sources */,
				1AA694B826CBBFBB00E949CC /* RecipeDetailsIngredientsViewCell.swift in Sources */,
				1AA694B726CBBFBB00E949CC /* RecipeDetailsTypesCollectionViewCell.swift in Sources */,
				1A61E9C226A06B23007AF003 /* APIEndpoints.swift in Sources */,
				1A684B9226B91D6F00CEFA28 /* FavouriteRecipesDTO+Mapping.swift in Sources */,
				1A684BAE26BC028F00CEFA28 /* FavouriteRecipesListUseCase.swift in Sources */,
				1AA694B126CBBFBB00E949CC /* DishTypesRecipeDetailsCellViewModel.swift in Sources */,
				1A61E97B26A01F9B007AF003 /* RecepiesListTableViewController.swift in Sources */,
				1A684BA426BAB28B00CEFA28 /* FavouriteRecipesListFlowCoordinator.swift in Sources */,
				1A61E98726A03414007AF003 /* SearchRecepiesUseCase.swift in Sources */,
				1A61E99626A03B36007AF003 /* RecepiesQueriesRepository.swift in Sources */,
				1A61E9B426A056E0007AF003 /* NetworkConfig.swift in Sources */,
				1A684B9626B97D2E00CEFA28 /* FavouriteRecept.swift in Sources */,
				1ACEA58D26A8348200D6C35E /* DefaultDishImagesRepository.swift in Sources */,
				1ACEA57B26A58C7400D6C35E /* DataTransferError+ConnectionError.swift in Sources */,
				1ACEA58526A6FDAC00D6C35E /* Recipe.swift in Sources */,
				1A684B8E26B9141900CEFA28 /* FavouriteRecipesEntity.swift in Sources */,
				1A684BB226BC22F600CEFA28 /* FavouriteRecipesRequestDTO.swift in Sources */,
				1A61E9CB26A1BC0E007AF003 /* AppConfigurations.swift in Sources */,
				1A61E98F26A039AE007AF003 /* RecipeQuery.swift in Sources */,
				1AB8B37626A9987E000A0115 /* RecipeDetailsRequestDTO+Mapping.swift in Sources */,
				1A61E98126A02E23007AF003 /* StoryboardInstantiable.swift in Sources */,
				1AA694B426CBBFBB00E949CC /* HeaderRecipeDeatilsCellViewModel.swift in Sources */,
				1A684BAA26BBF88B00CEFA28 /* GetAllLikesInteractor.swift in Sources */,
				1A61E9B026A050A8007AF003 /* RecepiesRequestDTO+Mapping.swift in Sources */,
				1ABD0EEE26C168B300FE01D9 /* removeLikeInteractor.swift in Sources */,
				1A61E96026A00B80007AF003 /* CoreDataStorage.xcdatamodeld in Sources */,
				1AB8B37826A99893000A0115 /* RecipeDetailsResponseDTO+Mapping.swift in Sources */,
				1AA694B526CBBFBB00E949CC /* RecipeDetailsViewModel.swift in Sources */,
				1A61E98D26A038C9007AF003 /* RecepiesRepository.swift in Sources */,
				1A61E9BE26A061FD007AF003 /* ReceptQueryEntity.swift in Sources */,
				1ACEA57F26A5A18600D6C35E /* UIViewController+ActivityIndicator.swift in Sources */,
				1A61E9A526A04907007AF003 /* RecepiesQueriesStorage.swift in Sources */,
				1A61E9DD26A56A48007AF003 /* RecepiesListItemViewModel.swift in Sources */,
				1A61E98426A0309A007AF003 /* RecipesSceneDIContainer.swift in Sources */,
				1AE2373326B3F8B000956EB7 /* MainTabBarController.swift in Sources */,
			);
			runOnlyForDeploymentPostprocessing = 0;
		};
/* End PBXSourcesBuildPhase section */

/* Begin PBXVariantGroup section */
		1A61E95B26A00B80007AF003 /* RecepiesListViewController.storyboard */ = {
			isa = PBXVariantGroup;
			children = (
				1A61E95C26A00B80007AF003 /* Base */,
			);
			name = RecepiesListViewController.storyboard;
			sourceTree = "<group>";
		};
		1A61E96326A00B82007AF003 /* LaunchScreen.storyboard */ = {
			isa = PBXVariantGroup;
			children = (
				1A61E96426A00B82007AF003 /* Base */,
			);
			name = LaunchScreen.storyboard;
			sourceTree = "<group>";
		};
/* End PBXVariantGroup section */

/* Begin XCBuildConfiguration section */
		1A61E96726A00B82007AF003 /* Debug */ = {
			isa = XCBuildConfiguration;
			buildSettings = {
				ALWAYS_SEARCH_USER_PATHS = NO;
				CLANG_ANALYZER_NONNULL = YES;
				CLANG_ANALYZER_NUMBER_OBJECT_CONVERSION = YES_AGGRESSIVE;
				CLANG_CXX_LANGUAGE_STANDARD = "gnu++14";
				CLANG_CXX_LIBRARY = "libc++";
				CLANG_ENABLE_MODULES = YES;
				CLANG_ENABLE_OBJC_ARC = YES;
				CLANG_ENABLE_OBJC_WEAK = YES;
				CLANG_WARN_BLOCK_CAPTURE_AUTORELEASING = YES;
				CLANG_WARN_BOOL_CONVERSION = YES;
				CLANG_WARN_COMMA = YES;
				CLANG_WARN_CONSTANT_CONVERSION = YES;
				CLANG_WARN_DEPRECATED_OBJC_IMPLEMENTATIONS = YES;
				CLANG_WARN_DIRECT_OBJC_ISA_USAGE = YES_ERROR;
				CLANG_WARN_DOCUMENTATION_COMMENTS = YES;
				CLANG_WARN_EMPTY_BODY = YES;
				CLANG_WARN_ENUM_CONVERSION = YES;
				CLANG_WARN_INFINITE_RECURSION = YES;
				CLANG_WARN_INT_CONVERSION = YES;
				CLANG_WARN_NON_LITERAL_NULL_CONVERSION = YES;
				CLANG_WARN_OBJC_IMPLICIT_RETAIN_SELF = YES;
				CLANG_WARN_OBJC_LITERAL_CONVERSION = YES;
				CLANG_WARN_OBJC_ROOT_CLASS = YES_ERROR;
				CLANG_WARN_QUOTED_INCLUDE_IN_FRAMEWORK_HEADER = YES;
				CLANG_WARN_RANGE_LOOP_ANALYSIS = YES;
				CLANG_WARN_STRICT_PROTOTYPES = YES;
				CLANG_WARN_SUSPICIOUS_MOVE = YES;
				CLANG_WARN_UNGUARDED_AVAILABILITY = YES_AGGRESSIVE;
				CLANG_WARN_UNREACHABLE_CODE = YES;
				CLANG_WARN__DUPLICATE_METHOD_MATCH = YES;
				COPY_PHASE_STRIP = NO;
				DEBUG_INFORMATION_FORMAT = dwarf;
				ENABLE_STRICT_OBJC_MSGSEND = YES;
				ENABLE_TESTABILITY = YES;
				GCC_C_LANGUAGE_STANDARD = gnu11;
				GCC_DYNAMIC_NO_PIC = NO;
				GCC_NO_COMMON_BLOCKS = YES;
				GCC_OPTIMIZATION_LEVEL = 0;
				GCC_PREPROCESSOR_DEFINITIONS = (
					"DEBUG=1",
					"$(inherited)",
				);
				GCC_WARN_64_TO_32_BIT_CONVERSION = YES;
				GCC_WARN_ABOUT_RETURN_TYPE = YES_ERROR;
				GCC_WARN_UNDECLARED_SELECTOR = YES;
				GCC_WARN_UNINITIALIZED_AUTOS = YES_AGGRESSIVE;
				GCC_WARN_UNUSED_FUNCTION = YES;
				GCC_WARN_UNUSED_VARIABLE = YES;
				IPHONEOS_DEPLOYMENT_TARGET = 14.5;
				MTL_ENABLE_DEBUG_INFO = INCLUDE_SOURCE;
				MTL_FAST_MATH = YES;
				ONLY_ACTIVE_ARCH = YES;
				SDKROOT = iphoneos;
				SWIFT_ACTIVE_COMPILATION_CONDITIONS = DEBUG;
				SWIFT_OPTIMIZATION_LEVEL = "-Onone";
			};
			name = Debug;
		};
		1A61E96826A00B82007AF003 /* Release */ = {
			isa = XCBuildConfiguration;
			buildSettings = {
				ALWAYS_SEARCH_USER_PATHS = NO;
				CLANG_ANALYZER_NONNULL = YES;
				CLANG_ANALYZER_NUMBER_OBJECT_CONVERSION = YES_AGGRESSIVE;
				CLANG_CXX_LANGUAGE_STANDARD = "gnu++14";
				CLANG_CXX_LIBRARY = "libc++";
				CLANG_ENABLE_MODULES = YES;
				CLANG_ENABLE_OBJC_ARC = YES;
				CLANG_ENABLE_OBJC_WEAK = YES;
				CLANG_WARN_BLOCK_CAPTURE_AUTORELEASING = YES;
				CLANG_WARN_BOOL_CONVERSION = YES;
				CLANG_WARN_COMMA = YES;
				CLANG_WARN_CONSTANT_CONVERSION = YES;
				CLANG_WARN_DEPRECATED_OBJC_IMPLEMENTATIONS = YES;
				CLANG_WARN_DIRECT_OBJC_ISA_USAGE = YES_ERROR;
				CLANG_WARN_DOCUMENTATION_COMMENTS = YES;
				CLANG_WARN_EMPTY_BODY = YES;
				CLANG_WARN_ENUM_CONVERSION = YES;
				CLANG_WARN_INFINITE_RECURSION = YES;
				CLANG_WARN_INT_CONVERSION = YES;
				CLANG_WARN_NON_LITERAL_NULL_CONVERSION = YES;
				CLANG_WARN_OBJC_IMPLICIT_RETAIN_SELF = YES;
				CLANG_WARN_OBJC_LITERAL_CONVERSION = YES;
				CLANG_WARN_OBJC_ROOT_CLASS = YES_ERROR;
				CLANG_WARN_QUOTED_INCLUDE_IN_FRAMEWORK_HEADER = YES;
				CLANG_WARN_RANGE_LOOP_ANALYSIS = YES;
				CLANG_WARN_STRICT_PROTOTYPES = YES;
				CLANG_WARN_SUSPICIOUS_MOVE = YES;
				CLANG_WARN_UNGUARDED_AVAILABILITY = YES_AGGRESSIVE;
				CLANG_WARN_UNREACHABLE_CODE = YES;
				CLANG_WARN__DUPLICATE_METHOD_MATCH = YES;
				COPY_PHASE_STRIP = NO;
				DEBUG_INFORMATION_FORMAT = "dwarf-with-dsym";
				ENABLE_NS_ASSERTIONS = NO;
				ENABLE_STRICT_OBJC_MSGSEND = YES;
				GCC_C_LANGUAGE_STANDARD = gnu11;
				GCC_NO_COMMON_BLOCKS = YES;
				GCC_WARN_64_TO_32_BIT_CONVERSION = YES;
				GCC_WARN_ABOUT_RETURN_TYPE = YES_ERROR;
				GCC_WARN_UNDECLARED_SELECTOR = YES;
				GCC_WARN_UNINITIALIZED_AUTOS = YES_AGGRESSIVE;
				GCC_WARN_UNUSED_FUNCTION = YES;
				GCC_WARN_UNUSED_VARIABLE = YES;
				IPHONEOS_DEPLOYMENT_TARGET = 14.5;
				MTL_ENABLE_DEBUG_INFO = NO;
				MTL_FAST_MATH = YES;
				SDKROOT = iphoneos;
				SWIFT_COMPILATION_MODE = wholemodule;
				SWIFT_OPTIMIZATION_LEVEL = "-O";
				VALIDATE_PRODUCT = YES;
			};
			name = Release;
		};
		1A61E96A26A00B82007AF003 /* Debug */ = {
			isa = XCBuildConfiguration;
			buildSettings = {
				API_BASE_URL = "https://api.spoonacular.com/";
				API_KEY = c7c0e59913b348b9817373d009fbc9b5;
				ASSETCATALOG_COMPILER_APPICON_NAME = AppIcon;
				ASSETCATALOG_COMPILER_GLOBAL_ACCENT_COLOR_NAME = AccentColor;
				CODE_SIGN_STYLE = Automatic;
				DEVELOPMENT_TEAM = 3UA8S3764J;
				IMAGE_BASE_URL = "https://spoonacular.com/";
				INFOPLIST_FILE = RecipesList/Resources/Info.plist;
				LD_RUNPATH_SEARCH_PATHS = (
					"$(inherited)",
					"@executable_path/Frameworks",
				);
				PRODUCT_BUNDLE_IDENTIFIER = com.Andrey.Kalyamin.RecipesList;
				PRODUCT_NAME = "$(TARGET_NAME)";
				SWIFT_VERSION = 5.0;
				TARGETED_DEVICE_FAMILY = "1,2";
			};
			name = Debug;
		};
		1A61E96B26A00B82007AF003 /* Release */ = {
			isa = XCBuildConfiguration;
			buildSettings = {
				API_BASE_URL = "https://api.spoonacular.com/";
				API_KEY = c7c0e59913b348b9817373d009fbc9b5;
				ASSETCATALOG_COMPILER_APPICON_NAME = AppIcon;
				ASSETCATALOG_COMPILER_GLOBAL_ACCENT_COLOR_NAME = AccentColor;
				CODE_SIGN_STYLE = Automatic;
				DEVELOPMENT_TEAM = 3UA8S3764J;
				IMAGE_BASE_URL = "https://spoonacular.com/";
				INFOPLIST_FILE = RecipesList/Resources/Info.plist;
				LD_RUNPATH_SEARCH_PATHS = (
					"$(inherited)",
					"@executable_path/Frameworks",
				);
				PRODUCT_BUNDLE_IDENTIFIER = com.Andrey.Kalyamin.RecipesList;
				PRODUCT_NAME = "$(TARGET_NAME)";
				SWIFT_VERSION = 5.0;
				TARGETED_DEVICE_FAMILY = "1,2";
			};
			name = Release;
		};
/* End XCBuildConfiguration section */

/* Begin XCConfigurationList section */
		1A61E94D26A00B80007AF003 /* Build configuration list for PBXProject "RecipesList" */ = {
			isa = XCConfigurationList;
			buildConfigurations = (
				1A61E96726A00B82007AF003 /* Debug */,
				1A61E96826A00B82007AF003 /* Release */,
			);
			defaultConfigurationIsVisible = 0;
			defaultConfigurationName = Release;
		};
		1A61E96926A00B82007AF003 /* Build configuration list for PBXNativeTarget "RecipesList" */ = {
			isa = XCConfigurationList;
			buildConfigurations = (
				1A61E96A26A00B82007AF003 /* Debug */,
				1A61E96B26A00B82007AF003 /* Release */,
			);
			defaultConfigurationIsVisible = 0;
			defaultConfigurationName = Release;
		};
/* End XCConfigurationList section */

/* Begin XCVersionGroup section */
		1A61E95E26A00B80007AF003 /* CoreDataStorage.xcdatamodeld */ = {
			isa = XCVersionGroup;
			children = (
				1A61E95F26A00B80007AF003 /* RecipesList.xcdatamodel */,
			);
			currentVersion = 1A61E95F26A00B80007AF003 /* RecipesList.xcdatamodel */;
			path = CoreDataStorage.xcdatamodeld;
			sourceTree = "<group>";
			versionGroupType = wrapper.xcdatamodel;
		};
/* End XCVersionGroup section */
	};
	rootObject = 1A61E94A26A00B80007AF003 /* Project object */;
}
